
Microsoft Visual Studio Solution File, Format Version 12.00
# Visual Studio Version 17
VisualStudioVersion = 17.10.35027.167
MinimumVisualStudioVersion = 10.0.40219.1
Project("{FAE04EC0-301F-11D3-BF4B-00C04F79EFBC}") = "Once Human Midi Maestro", "Once Human Midi Maestro\Once Human Midi Maestro.csproj", "{CCD274ED-1C8C-4F0B-A4C4-38A7E8E01590}"
EndProject
Global
	GlobalSection(SolutionConfigurationPlatforms) = preSolution
		Debug|Any CPU = Debug|Any CPU
		Release|Any CPU = Release|Any CPU
	EndGlobalSection
	GlobalSection(ProjectConfigurationPlatforms) = postSolution
		{CCD274ED-1C8C-4F0B-A4C4-38A7E8E01590}.Debug|Any CPU.ActiveCfg = Debug|Any CPU
		{CCD274ED-1C8C-4F0B-A4C4-38A7E8E01590}.Debug|Any CPU.Build.0 = Debug|Any CPU
		{CCD274ED-1C8C-4F0B-A4C4-38A7E8E01590}.Release|Any CPU.ActiveCfg = Release|Any CPU
		{CCD274ED-1C8C-4F0B-A4C4-38A7E8E01590}.Release|Any CPU.Build.0 = Release|Any CPU
	EndGlobalSection
	GlobalSection(SolutionProperties) = preSolution
		HideSolutionNode = FALSE
	EndGlobalSection
	GlobalSection(ExtensibilityGlobals) = postSolution
		SolutionGuid = {2A17FE0A-D30F-4458-999E-7A10A79D84CA}
	EndGlobalSection
EndGlobal
